
Microsoft Visual Studio Solution File, Format Version 12.00
# Visual Studio 15
VisualStudioVersion = 15.0.26124.0
MinimumVisualStudioVersion = 15.0.26124.0
Project("{FAE04EC0-301F-11D3-BF4B-00C04F79EFBC}") = "Gameboy", "Gameboy\Gameboy.csproj", "{73925581-AB84-4F78-99FA-BF6E7AAB678B}"
EndProject
Project("{FAE04EC0-301F-11D3-BF4B-00C04F79EFBC}") = "Gameboy.Hardware", "Gameboy.Hardware\Gameboy.Hardware.csproj", "{F54782D5-2ECF-4DCD-8748-A56767FAF0AE}"
EndProject
Project("{FAE04EC0-301F-11D3-BF4B-00C04F79EFBC}") = "Gameboy.Interfaces", "Gameboy.Interfaces\Gameboy.Interfaces.csproj", "{7884FDA2-9361-4546-A19A-7D6AF134108A}"
EndProject
Project("{FAE04EC0-301F-11D3-BF4B-00C04F79EFBC}") = "Gameboy.UnitTests", "Gameboy.UnitTests\Gameboy.UnitTests.csproj", "{58FC9B9D-BDBC-44D5-9C78-D290ABEAA4E5}"
EndProject
Project("{FAE04EC0-301F-11D3-BF4B-00C04F79EFBC}") = "Gameboy.ApprovalTests", "Gameboy.ApprovalTests\Gameboy.ApprovalTests.csproj", "{9ED1E240-A7DE-4650-9543-50BB8CE478F6}"
EndProject
Project("{FAE04EC0-301F-11D3-BF4B-00C04F79EFBC}") = "Gameboy.IntegrationTests", "Gameboy.IntegrationTests\Gameboy.IntegrationTests.csproj", "{900DFA7B-7F06-4BFB-A9C5-3A1B4811E11F}"
EndProject
Global
	GlobalSection(SolutionConfigurationPlatforms) = preSolution
		Debug|Any CPU = Debug|Any CPU
		Debug|x64 = Debug|x64
		Debug|x86 = Debug|x86
		Release|Any CPU = Release|Any CPU
		Release|x64 = Release|x64
		Release|x86 = Release|x86
	EndGlobalSection
	GlobalSection(SolutionProperties) = preSolution
		HideSolutionNode = FALSE
	EndGlobalSection
	GlobalSection(ProjectConfigurationPlatforms) = postSolution
		{73925581-AB84-4F78-99FA-BF6E7AAB678B}.Debug|Any CPU.ActiveCfg = Debug|Any CPU
		{73925581-AB84-4F78-99FA-BF6E7AAB678B}.Debug|Any CPU.Build.0 = Debug|Any CPU
		{73925581-AB84-4F78-99FA-BF6E7AAB678B}.Debug|x64.ActiveCfg = Debug|Any CPU
		{73925581-AB84-4F78-99FA-BF6E7AAB678B}.Debug|x64.Build.0 = Debug|Any CPU
		{73925581-AB84-4F78-99FA-BF6E7AAB678B}.Debug|x86.ActiveCfg = Debug|Any CPU
		{73925581-AB84-4F78-99FA-BF6E7AAB678B}.Debug|x86.Build.0 = Debug|Any CPU
		{73925581-AB84-4F78-99FA-BF6E7AAB678B}.Release|Any CPU.ActiveCfg = Release|Any CPU
		{73925581-AB84-4F78-99FA-BF6E7AAB678B}.Release|Any CPU.Build.0 = Release|Any CPU
		{73925581-AB84-4F78-99FA-BF6E7AAB678B}.Release|x64.ActiveCfg = Release|Any CPU
		{73925581-AB84-4F78-99FA-BF6E7AAB678B}.Release|x64.Build.0 = Release|Any CPU
		{73925581-AB84-4F78-99FA-BF6E7AAB678B}.Release|x86.ActiveCfg = Release|Any CPU
		{73925581-AB84-4F78-99FA-BF6E7AAB678B}.Release|x86.Build.0 = Release|Any CPU
		{F54782D5-2ECF-4DCD-8748-A56767FAF0AE}.Debug|Any CPU.ActiveCfg = Debug|Any CPU
		{F54782D5-2ECF-4DCD-8748-A56767FAF0AE}.Debug|Any CPU.Build.0 = Debug|Any CPU
		{F54782D5-2ECF-4DCD-8748-A56767FAF0AE}.Debug|x64.ActiveCfg = Debug|Any CPU
		{F54782D5-2ECF-4DCD-8748-A56767FAF0AE}.Debug|x64.Build.0 = Debug|Any CPU
		{F54782D5-2ECF-4DCD-8748-A56767FAF0AE}.Debug|x86.ActiveCfg = Debug|Any CPU
		{F54782D5-2ECF-4DCD-8748-A56767FAF0AE}.Debug|x86.Build.0 = Debug|Any CPU
		{F54782D5-2ECF-4DCD-8748-A56767FAF0AE}.Release|Any CPU.ActiveCfg = Release|Any CPU
		{F54782D5-2ECF-4DCD-8748-A56767FAF0AE}.Release|Any CPU.Build.0 = Release|Any CPU
		{F54782D5-2ECF-4DCD-8748-A56767FAF0AE}.Release|x64.ActiveCfg = Release|Any CPU
		{F54782D5-2ECF-4DCD-8748-A56767FAF0AE}.Release|x64.Build.0 = Release|Any CPU
		{F54782D5-2ECF-4DCD-8748-A56767FAF0AE}.Release|x86.ActiveCfg = Release|Any CPU
		{F54782D5-2ECF-4DCD-8748-A56767FAF0AE}.Release|x86.Build.0 = Release|Any CPU
		{7884FDA2-9361-4546-A19A-7D6AF134108A}.Debug|Any CPU.ActiveCfg = Debug|Any CPU
		{7884FDA2-9361-4546-A19A-7D6AF134108A}.Debug|Any CPU.Build.0 = Debug|Any CPU
		{7884FDA2-9361-4546-A19A-7D6AF134108A}.Debug|x64.ActiveCfg = Debug|Any CPU
		{7884FDA2-9361-4546-A19A-7D6AF134108A}.Debug|x64.Build.0 = Debug|Any CPU
		{7884FDA2-9361-4546-A19A-7D6AF134108A}.Debug|x86.ActiveCfg = Debug|Any CPU
		{7884FDA2-9361-4546-A19A-7D6AF134108A}.Debug|x86.Build.0 = Debug|Any CPU
		{7884FDA2-9361-4546-A19A-7D6AF134108A}.Release|Any CPU.ActiveCfg = Release|Any CPU
		{7884FDA2-9361-4546-A19A-7D6AF134108A}.Release|Any CPU.Build.0 = Release|Any CPU
		{7884FDA2-9361-4546-A19A-7D6AF134108A}.Release|x64.ActiveCfg = Release|Any CPU
		{7884FDA2-9361-4546-A19A-7D6AF134108A}.Release|x64.Build.0 = Release|Any CPU
		{7884FDA2-9361-4546-A19A-7D6AF134108A}.Release|x86.ActiveCfg = Release|Any CPU
		{7884FDA2-9361-4546-A19A-7D6AF134108A}.Release|x86.Build.0 = Release|Any CPU
		{58FC9B9D-BDBC-44D5-9C78-D290ABEAA4E5}.Debug|Any CPU.ActiveCfg = Debug|Any CPU
		{58FC9B9D-BDBC-44D5-9C78-D290ABEAA4E5}.Debug|Any CPU.Build.0 = Debug|Any CPU
		{58FC9B9D-BDBC-44D5-9C78-D290ABEAA4E5}.Debug|x64.ActiveCfg = Debug|Any CPU
		{58FC9B9D-BDBC-44D5-9C78-D290ABEAA4E5}.Debug|x64.Build.0 = Debug|Any CPU
		{58FC9B9D-BDBC-44D5-9C78-D290ABEAA4E5}.Debug|x86.ActiveCfg = Debug|Any CPU
		{58FC9B9D-BDBC-44D5-9C78-D290ABEAA4E5}.Debug|x86.Build.0 = Debug|Any CPU
		{58FC9B9D-BDBC-44D5-9C78-D290ABEAA4E5}.Release|Any CPU.ActiveCfg = Release|Any CPU
		{58FC9B9D-BDBC-44D5-9C78-D290ABEAA4E5}.Release|Any CPU.Build.0 = Release|Any CPU
		{58FC9B9D-BDBC-44D5-9C78-D290ABEAA4E5}.Release|x64.ActiveCfg = Release|Any CPU
		{58FC9B9D-BDBC-44D5-9C78-D290ABEAA4E5}.Release|x64.Build.0 = Release|Any CPU
		{58FC9B9D-BDBC-44D5-9C78-D290ABEAA4E5}.Release|x86.ActiveCfg = Release|Any CPU
		{58FC9B9D-BDBC-44D5-9C78-D290ABEAA4E5}.Release|x86.Build.0 = Release|Any CPU
		{9ED1E240-A7DE-4650-9543-50BB8CE478F6}.Debug|Any CPU.ActiveCfg = Debug|Any CPU
		{9ED1E240-A7DE-4650-9543-50BB8CE478F6}.Debug|Any CPU.Build.0 = Debug|Any CPU
		{9ED1E240-A7DE-4650-9543-50BB8CE478F6}.Debug|x64.ActiveCfg = Debug|Any CPU
		{9ED1E240-A7DE-4650-9543-50BB8CE478F6}.Debug|x64.Build.0 = Debug|Any CPU
		{9ED1E240-A7DE-4650-9543-50BB8CE478F6}.Debug|x86.ActiveCfg = Debug|Any CPU
		{9ED1E240-A7DE-4650-9543-50BB8CE478F6}.Debug|x86.Build.0 = Debug|Any CPU
		{9ED1E240-A7DE-4650-9543-50BB8CE478F6}.Release|Any CPU.ActiveCfg = Release|Any CPU
		{9ED1E240-A7DE-4650-9543-50BB8CE478F6}.Release|Any CPU.Build.0 = Release|Any CPU
		{9ED1E240-A7DE-4650-9543-50BB8CE478F6}.Release|x64.ActiveCfg = Release|Any CPU
		{9ED1E240-A7DE-4650-9543-50BB8CE478F6}.Release|x64.Build.0 = Release|Any CPU
		{9ED1E240-A7DE-4650-9543-50BB8CE478F6}.Release|x86.ActiveCfg = Release|Any CPU
		{9ED1E240-A7DE-4650-9543-50BB8CE478F6}.Release|x86.Build.0 = Release|Any CPU
		{900DFA7B-7F06-4BFB-A9C5-3A1B4811E11F}.Debug|Any CPU.ActiveCfg = Debug|Any CPU
		{900DFA7B-7F06-4BFB-A9C5-3A1B4811E11F}.Debug|Any CPU.Build.0 = Debug|Any CPU
		{900DFA7B-7F06-4BFB-A9C5-3A1B4811E11F}.Debug|x64.ActiveCfg = Debug|Any CPU
		{900DFA7B-7F06-4BFB-A9C5-3A1B4811E11F}.Debug|x64.Build.0 = Debug|Any CPU
		{900DFA7B-7F06-4BFB-A9C5-3A1B4811E11F}.Debug|x86.ActiveCfg = Debug|Any CPU
		{900DFA7B-7F06-4BFB-A9C5-3A1B4811E11F}.Debug|x86.Build.0 = Debug|Any CPU
		{900DFA7B-7F06-4BFB-A9C5-3A1B4811E11F}.Release|Any CPU.ActiveCfg = Release|Any CPU
		{900DFA7B-7F06-4BFB-A9C5-3A1B4811E11F}.Release|Any CPU.Build.0 = Release|Any CPU
		{900DFA7B-7F06-4BFB-A9C5-3A1B4811E11F}.Release|x64.ActiveCfg = Release|Any CPU
		{900DFA7B-7F06-4BFB-A9C5-3A1B4811E11F}.Release|x64.Build.0 = Release|Any CPU
		{900DFA7B-7F06-4BFB-A9C5-3A1B4811E11F}.Release|x86.ActiveCfg = Release|Any CPU
		{900DFA7B-7F06-4BFB-A9C5-3A1B4811E11F}.Release|x86.Build.0 = Release|Any CPU
	EndGlobalSection
EndGlobal
